
Microsoft Visual Studio Solution File, Format Version 12.00
# Visual Studio Version 16
VisualStudioVersion = 16.0.31729.503
MinimumVisualStudioVersion = 10.0.40219.1
Project("{FAE04EC0-301F-11D3-BF4B-00C04F79EFBC}") = "Prototyp", "Prototyp\Prototyp.csproj", "{88647E1A-BEA2-4C9A-9A92-887A5AFE894E}"
EndProject
Global
	GlobalSection(SolutionConfigurationPlatforms) = preSolution
		Debug|Any CPU = Debug|Any CPU
		Release|Any CPU = Release|Any CPU
	EndGlobalSection
	GlobalSection(ProjectConfigurationPlatforms) = postSolution
		{88647E1A-BEA2-4C9A-9A92-887A5AFE894E}.Debug|Any CPU.ActiveCfg = Debug|Any CPU
		{88647E1A-BEA2-4C9A-9A92-887A5AFE894E}.Debug|Any CPU.Build.0 = Debug|Any CPU
		{88647E1A-BEA2-4C9A-9A92-887A5AFE894E}.Release|Any CPU.ActiveCfg = Release|Any CPU
		{88647E1A-BEA2-4C9A-9A92-887A5AFE894E}.Release|Any CPU.Build.0 = Release|Any CPU
	EndGlobalSection
	GlobalSection(SolutionProperties) = preSolution
		HideSolutionNode = FALSE
	EndGlobalSection
	GlobalSection(ExtensibilityGlobals) = postSolution
		SolutionGuid = {825AB6B3-6B1E-4AF0-A34B-A4B894E9692A}
	EndGlobalSection
EndGlobal
