
Microsoft Visual Studio Solution File, Format Version 12.00
# Visual Studio Version 16
VisualStudioVersion = 16.0.31729.503
MinimumVisualStudioVersion = 10.0.40219.1
Project("{FAE04EC0-301F-11D3-BF4B-00C04F79EFBC}") = "Fabryka Abstrakcyjna", "Fabryka Abstrakcyjna\Fabryka Abstrakcyjna.csproj", "{F4BB892C-1312-460D-A3A5-4C426BA539EB}"
EndProject
Global
	GlobalSection(SolutionConfigurationPlatforms) = preSolution
		Debug|Any CPU = Debug|Any CPU
		Release|Any CPU = Release|Any CPU
	EndGlobalSection
	GlobalSection(ProjectConfigurationPlatforms) = postSolution
		{F4BB892C-1312-460D-A3A5-4C426BA539EB}.Debug|Any CPU.ActiveCfg = Debug|Any CPU
		{F4BB892C-1312-460D-A3A5-4C426BA539EB}.Debug|Any CPU.Build.0 = Debug|Any CPU
		{F4BB892C-1312-460D-A3A5-4C426BA539EB}.Release|Any CPU.ActiveCfg = Release|Any CPU
		{F4BB892C-1312-460D-A3A5-4C426BA539EB}.Release|Any CPU.Build.0 = Release|Any CPU
	EndGlobalSection
	GlobalSection(SolutionProperties) = preSolution
		HideSolutionNode = FALSE
	EndGlobalSection
	GlobalSection(ExtensibilityGlobals) = postSolution
		SolutionGuid = {CA2A07EB-D835-4606-8A64-5F5071E189E8}
	EndGlobalSection
EndGlobal
