
Microsoft Visual Studio Solution File, Format Version 12.00
# Visual Studio Version 16
VisualStudioVersion = 16.0.32002.261
MinimumVisualStudioVersion = 10.0.40219.1
Project("{FAE04EC0-301F-11D3-BF4B-00C04F79EFBC}") = "Interpreter", "Interpreter\Interpreter.csproj", "{DBED3A20-09DC-4C2D-8C20-925A6411F254}"
EndProject
Global
	GlobalSection(SolutionConfigurationPlatforms) = preSolution
		Debug|Any CPU = Debug|Any CPU
		Release|Any CPU = Release|Any CPU
	EndGlobalSection
	GlobalSection(ProjectConfigurationPlatforms) = postSolution
		{DBED3A20-09DC-4C2D-8C20-925A6411F254}.Debug|Any CPU.ActiveCfg = Debug|Any CPU
		{DBED3A20-09DC-4C2D-8C20-925A6411F254}.Debug|Any CPU.Build.0 = Debug|Any CPU
		{DBED3A20-09DC-4C2D-8C20-925A6411F254}.Release|Any CPU.ActiveCfg = Release|Any CPU
		{DBED3A20-09DC-4C2D-8C20-925A6411F254}.Release|Any CPU.Build.0 = Release|Any CPU
	EndGlobalSection
	GlobalSection(SolutionProperties) = preSolution
		HideSolutionNode = FALSE
	EndGlobalSection
	GlobalSection(ExtensibilityGlobals) = postSolution
		SolutionGuid = {E16D259F-07B9-484A-B18C-DCD01FDF0FAB}
	EndGlobalSection
EndGlobal
