
Microsoft Visual Studio Solution File, Format Version 12.00
# Visual Studio Version 16
VisualStudioVersion = 16.0.31729.503
MinimumVisualStudioVersion = 10.0.40219.1
Project("{FAE04EC0-301F-11D3-BF4B-00C04F79EFBC}") = "Fasada", "Fasada\Fasada.csproj", "{A8AFAD05-703D-4E95-8BBC-6AADC4DD47E0}"
EndProject
Global
	GlobalSection(SolutionConfigurationPlatforms) = preSolution
		Debug|Any CPU = Debug|Any CPU
		Release|Any CPU = Release|Any CPU
	EndGlobalSection
	GlobalSection(ProjectConfigurationPlatforms) = postSolution
		{A8AFAD05-703D-4E95-8BBC-6AADC4DD47E0}.Debug|Any CPU.ActiveCfg = Debug|Any CPU
		{A8AFAD05-703D-4E95-8BBC-6AADC4DD47E0}.Debug|Any CPU.Build.0 = Debug|Any CPU
		{A8AFAD05-703D-4E95-8BBC-6AADC4DD47E0}.Release|Any CPU.ActiveCfg = Release|Any CPU
		{A8AFAD05-703D-4E95-8BBC-6AADC4DD47E0}.Release|Any CPU.Build.0 = Release|Any CPU
	EndGlobalSection
	GlobalSection(SolutionProperties) = preSolution
		HideSolutionNode = FALSE
	EndGlobalSection
	GlobalSection(ExtensibilityGlobals) = postSolution
		SolutionGuid = {F7A524C1-5854-4CC6-9F1F-54C9E263363B}
	EndGlobalSection
EndGlobal
